
Microsoft Visual Studio Solution File, Format Version 12.00
# Visual Studio Version 17
VisualStudioVersion = 17.1.32319.34
MinimumVisualStudioVersion = 10.0.40219.1
Project("{FAE04EC0-301F-11D3-BF4B-00C04F79EFBC}") = "VistaTeatro", "Teatro\VistaTeatro.csproj", "{B7924475-1317-47A4-87BC-66A78EFBDCF9}"
EndProject
Project("{FAE04EC0-301F-11D3-BF4B-00C04F79EFBC}") = "LogicaTeatro", "LogicaTeatro\LogicaTeatro.csproj", "{51D38F36-479F-4E65-8E58-B9EF3FB728BC}"
EndProject
Global
	GlobalSection(SolutionConfigurationPlatforms) = preSolution
		Debug|Any CPU = Debug|Any CPU
		Release|Any CPU = Release|Any CPU
	EndGlobalSection
	GlobalSection(ProjectConfigurationPlatforms) = postSolution
		{B7924475-1317-47A4-87BC-66A78EFBDCF9}.Debug|Any CPU.ActiveCfg = Debug|Any CPU
		{B7924475-1317-47A4-87BC-66A78EFBDCF9}.Debug|Any CPU.Build.0 = Debug|Any CPU
		{B7924475-1317-47A4-87BC-66A78EFBDCF9}.Release|Any CPU.ActiveCfg = Release|Any CPU
		{B7924475-1317-47A4-87BC-66A78EFBDCF9}.Release|Any CPU.Build.0 = Release|Any CPU
		{51D38F36-479F-4E65-8E58-B9EF3FB728BC}.Debug|Any CPU.ActiveCfg = Debug|Any CPU
		{51D38F36-479F-4E65-8E58-B9EF3FB728BC}.Debug|Any CPU.Build.0 = Debug|Any CPU
		{51D38F36-479F-4E65-8E58-B9EF3FB728BC}.Release|Any CPU.ActiveCfg = Release|Any CPU
		{51D38F36-479F-4E65-8E58-B9EF3FB728BC}.Release|Any CPU.Build.0 = Release|Any CPU
	EndGlobalSection
	GlobalSection(SolutionProperties) = preSolution
		HideSolutionNode = FALSE
	EndGlobalSection
	GlobalSection(ExtensibilityGlobals) = postSolution
		SolutionGuid = {53F8C8AA-9118-408F-9715-DABC2EFBC274}
	EndGlobalSection
EndGlobal
