
Microsoft Visual Studio Solution File, Format Version 12.00
# Visual Studio Version 17
VisualStudioVersion = 17.1.32319.34
MinimumVisualStudioVersion = 10.0.40219.1
Project("{FAE04EC0-301F-11D3-BF4B-00C04F79EFBC}") = "ElEjemploUniversal", "ElEjemploUniversal\ElEjemploUniversal.csproj", "{76F3E2F4-D267-4AD3-BF66-FE214988AAE4}"
EndProject
Project("{FAE04EC0-301F-11D3-BF4B-00C04F79EFBC}") = "LogicaDelUniverso", "LogicaDelUniverso\LogicaDelUniverso.csproj", "{B1C17A40-4D3E-45F6-8507-382089A2481E}"
EndProject
Global
	GlobalSection(SolutionConfigurationPlatforms) = preSolution
		Debug|Any CPU = Debug|Any CPU
		Release|Any CPU = Release|Any CPU
	EndGlobalSection
	GlobalSection(ProjectConfigurationPlatforms) = postSolution
		{76F3E2F4-D267-4AD3-BF66-FE214988AAE4}.Debug|Any CPU.ActiveCfg = Debug|Any CPU
		{76F3E2F4-D267-4AD3-BF66-FE214988AAE4}.Debug|Any CPU.Build.0 = Debug|Any CPU
		{76F3E2F4-D267-4AD3-BF66-FE214988AAE4}.Release|Any CPU.ActiveCfg = Release|Any CPU
		{76F3E2F4-D267-4AD3-BF66-FE214988AAE4}.Release|Any CPU.Build.0 = Release|Any CPU
		{B1C17A40-4D3E-45F6-8507-382089A2481E}.Debug|Any CPU.ActiveCfg = Debug|Any CPU
		{B1C17A40-4D3E-45F6-8507-382089A2481E}.Debug|Any CPU.Build.0 = Debug|Any CPU
		{B1C17A40-4D3E-45F6-8507-382089A2481E}.Release|Any CPU.ActiveCfg = Release|Any CPU
		{B1C17A40-4D3E-45F6-8507-382089A2481E}.Release|Any CPU.Build.0 = Release|Any CPU
	EndGlobalSection
	GlobalSection(SolutionProperties) = preSolution
		HideSolutionNode = FALSE
	EndGlobalSection
	GlobalSection(ExtensibilityGlobals) = postSolution
		SolutionGuid = {5853A363-6E1B-462F-9FFC-7C391202B486}
	EndGlobalSection
EndGlobal
