
Microsoft Visual Studio Solution File, Format Version 12.00
# Visual Studio Version 17
VisualStudioVersion = 17.1.32319.34
MinimumVisualStudioVersion = 10.0.40219.1
Project("{9A19103F-16F7-4668-BE54-9A1E7A4F7556}") = "Pero Que Ensalada", "Pero Que Ensalada\Pero Que Ensalada.csproj", "{93B72627-3814-4FF4-9AE5-8B4A4068C335}"
EndProject
Project("{FAE04EC0-301F-11D3-BF4B-00C04F79EFBC}") = "Recetario", "Recetario\Recetario.csproj", "{75BD8902-0D2D-4221-B137-A5E59A1C7592}"
EndProject
Global
	GlobalSection(SolutionConfigurationPlatforms) = preSolution
		Debug|Any CPU = Debug|Any CPU
		Release|Any CPU = Release|Any CPU
	EndGlobalSection
	GlobalSection(ProjectConfigurationPlatforms) = postSolution
		{93B72627-3814-4FF4-9AE5-8B4A4068C335}.Debug|Any CPU.ActiveCfg = Debug|Any CPU
		{93B72627-3814-4FF4-9AE5-8B4A4068C335}.Debug|Any CPU.Build.0 = Debug|Any CPU
		{93B72627-3814-4FF4-9AE5-8B4A4068C335}.Release|Any CPU.ActiveCfg = Release|Any CPU
		{93B72627-3814-4FF4-9AE5-8B4A4068C335}.Release|Any CPU.Build.0 = Release|Any CPU
		{75BD8902-0D2D-4221-B137-A5E59A1C7592}.Debug|Any CPU.ActiveCfg = Debug|Any CPU
		{75BD8902-0D2D-4221-B137-A5E59A1C7592}.Debug|Any CPU.Build.0 = Debug|Any CPU
		{75BD8902-0D2D-4221-B137-A5E59A1C7592}.Release|Any CPU.ActiveCfg = Release|Any CPU
		{75BD8902-0D2D-4221-B137-A5E59A1C7592}.Release|Any CPU.Build.0 = Release|Any CPU
	EndGlobalSection
	GlobalSection(SolutionProperties) = preSolution
		HideSolutionNode = FALSE
	EndGlobalSection
	GlobalSection(ExtensibilityGlobals) = postSolution
		SolutionGuid = {0BB50244-09D1-4DDF-ACBE-90326FBF1DB6}
	EndGlobalSection
EndGlobal
