
Microsoft Visual Studio Solution File, Format Version 12.00
# Visual Studio Version 17
VisualStudioVersion = 17.1.32319.34
MinimumVisualStudioVersion = 10.0.40219.1
Project("{FAE04EC0-301F-11D3-BF4B-00C04F79EFBC}") = "Jardineria", "Jardineria\Jardineria.csproj", "{B0764A4C-B174-4491-A012-7FA8B5630AFB}"
EndProject
Project("{FAE04EC0-301F-11D3-BF4B-00C04F79EFBC}") = "JardinVista", "JardinVista\JardinVista.csproj", "{BF1432E8-4666-47B6-AF2D-A5A5E43CAA33}"
EndProject
Global
	GlobalSection(SolutionConfigurationPlatforms) = preSolution
		Debug|Any CPU = Debug|Any CPU
		Release|Any CPU = Release|Any CPU
	EndGlobalSection
	GlobalSection(ProjectConfigurationPlatforms) = postSolution
		{B0764A4C-B174-4491-A012-7FA8B5630AFB}.Debug|Any CPU.ActiveCfg = Debug|Any CPU
		{B0764A4C-B174-4491-A012-7FA8B5630AFB}.Debug|Any CPU.Build.0 = Debug|Any CPU
		{B0764A4C-B174-4491-A012-7FA8B5630AFB}.Release|Any CPU.ActiveCfg = Release|Any CPU
		{B0764A4C-B174-4491-A012-7FA8B5630AFB}.Release|Any CPU.Build.0 = Release|Any CPU
		{BF1432E8-4666-47B6-AF2D-A5A5E43CAA33}.Debug|Any CPU.ActiveCfg = Debug|Any CPU
		{BF1432E8-4666-47B6-AF2D-A5A5E43CAA33}.Debug|Any CPU.Build.0 = Debug|Any CPU
		{BF1432E8-4666-47B6-AF2D-A5A5E43CAA33}.Release|Any CPU.ActiveCfg = Release|Any CPU
		{BF1432E8-4666-47B6-AF2D-A5A5E43CAA33}.Release|Any CPU.Build.0 = Release|Any CPU
	EndGlobalSection
	GlobalSection(SolutionProperties) = preSolution
		HideSolutionNode = FALSE
	EndGlobalSection
	GlobalSection(ExtensibilityGlobals) = postSolution
		SolutionGuid = {BFC95BFE-578C-4F8D-9793-91191EA5F219}
	EndGlobalSection
EndGlobal
