
Microsoft Visual Studio Solution File, Format Version 12.00
# Visual Studio Version 17
VisualStudioVersion = 17.1.32319.34
MinimumVisualStudioVersion = 10.0.40219.1
Project("{FAE04EC0-301F-11D3-BF4B-00C04F79EFBC}") = "El_Relojero", "El_Relojero\El_Relojero.csproj", "{13FCE2A9-4A2F-4FC4-B0FD-53A665567623}"
EndProject
Global
	GlobalSection(SolutionConfigurationPlatforms) = preSolution
		Debug|Any CPU = Debug|Any CPU
		Release|Any CPU = Release|Any CPU
	EndGlobalSection
	GlobalSection(ProjectConfigurationPlatforms) = postSolution
		{13FCE2A9-4A2F-4FC4-B0FD-53A665567623}.Debug|Any CPU.ActiveCfg = Debug|Any CPU
		{13FCE2A9-4A2F-4FC4-B0FD-53A665567623}.Debug|Any CPU.Build.0 = Debug|Any CPU
		{13FCE2A9-4A2F-4FC4-B0FD-53A665567623}.Release|Any CPU.ActiveCfg = Release|Any CPU
		{13FCE2A9-4A2F-4FC4-B0FD-53A665567623}.Release|Any CPU.Build.0 = Release|Any CPU
	EndGlobalSection
	GlobalSection(SolutionProperties) = preSolution
		HideSolutionNode = FALSE
	EndGlobalSection
	GlobalSection(ExtensibilityGlobals) = postSolution
		SolutionGuid = {832DE30A-C48C-4297-883B-D21CA9196192}
	EndGlobalSection
EndGlobal
