
Microsoft Visual Studio Solution File, Format Version 12.00
# Visual Studio Version 17
VisualStudioVersion = 17.1.32319.34
MinimumVisualStudioVersion = 10.0.40219.1
Project("{FAE04EC0-301F-11D3-BF4B-00C04F79EFBC}") = "ElDispositivo", "ElDispositivo\ElDispositivo.csproj", "{1CED552F-9ACC-4618-ABA9-DD3F9FF0237B}"
EndProject
Global
	GlobalSection(SolutionConfigurationPlatforms) = preSolution
		Debug|Any CPU = Debug|Any CPU
		Release|Any CPU = Release|Any CPU
	EndGlobalSection
	GlobalSection(ProjectConfigurationPlatforms) = postSolution
		{1CED552F-9ACC-4618-ABA9-DD3F9FF0237B}.Debug|Any CPU.ActiveCfg = Debug|Any CPU
		{1CED552F-9ACC-4618-ABA9-DD3F9FF0237B}.Debug|Any CPU.Build.0 = Debug|Any CPU
		{1CED552F-9ACC-4618-ABA9-DD3F9FF0237B}.Release|Any CPU.ActiveCfg = Release|Any CPU
		{1CED552F-9ACC-4618-ABA9-DD3F9FF0237B}.Release|Any CPU.Build.0 = Release|Any CPU
	EndGlobalSection
	GlobalSection(SolutionProperties) = preSolution
		HideSolutionNode = FALSE
	EndGlobalSection
	GlobalSection(ExtensibilityGlobals) = postSolution
		SolutionGuid = {9E04FDE2-2D65-40D5-AA5E-CC3258B07F36}
	EndGlobalSection
EndGlobal
